// !$*UTF8*$!
{
	archiveVersion = 1;
	classes = {
	};
	objectVersion = 46;
	objects = {

/* Begin PBXBuildFile section */
		32F0CB7EF7257997DAB4F8F2 /* libPods-Meow.a in Frameworks */ = {isa = PBXBuildFile; fileRef = 48E7507EB07C7B1734C7D099 /* libPods-Meow.a */; };
		8F1C99B6B637BB9241309247 /* libPods-MeowSpecs.a in Frameworks */ = {isa = PBXBuildFile; fileRef = CE4230D95D3838C211622D4D /* libPods-MeowSpecs.a */; };
		F56577221E26F1AF001DEE77 /* main.m in Sources */ = {isa = PBXBuildFile; fileRef = F56577211E26F1AF001DEE77 /* main.m */; };
		F56577251E26F1AF001DEE77 /* AppDelegate.m in Sources */ = {isa = PBXBuildFile; fileRef = F56577241E26F1AF001DEE77 /* AppDelegate.m */; };
		F56577281E26F1AF001DEE77 /* ViewController.m in Sources */ = {isa = PBXBuildFile; fileRef = F56577271E26F1AF001DEE77 /* ViewController.m */; };
		F565772B1E26F1AF001DEE77 /* Main.storyboard in Resources */ = {isa = PBXBuildFile; fileRef = F56577291E26F1AF001DEE77 /* Main.storyboard */; };
		F565772D1E26F1AF001DEE77 /* Assets.xcassets in Resources */ = {isa = PBXBuildFile; fileRef = F565772C1E26F1AF001DEE77 /* Assets.xcassets */; };
		F56577301E26F1AF001DEE77 /* LaunchScreen.storyboard in Resources */ = {isa = PBXBuildFile; fileRef = F565772E1E26F1AF001DEE77 /* LaunchScreen.storyboard */; };
		F56577651E26F5D8001DEE77 /* MeowBlindsideModule.m in Sources */ = {isa = PBXBuildFile; fileRef = F56577641E26F5D8001DEE77 /* MeowBlindsideModule.m */; };
		F56577701E26F688001DEE77 /* MeowModel.m in Sources */ = {isa = PBXBuildFile; fileRef = F565776F1E26F688001DEE77 /* MeowModel.m */; };
		F56577731E26F69F001DEE77 /* MeowManager.m in Sources */ = {isa = PBXBuildFile; fileRef = F56577721E26F69F001DEE77 /* MeowManager.m */; };
		F565777A1E26F876001DEE77 /* ViewControllerFactory.m in Sources */ = {isa = PBXBuildFile; fileRef = F56577791E26F876001DEE77 /* ViewControllerFactory.m */; };
		F56577991E2753B9001DEE77 /* MeowActionProvider.m in Sources */ = {isa = PBXBuildFile; fileRef = F56577981E2753B9001DEE77 /* MeowActionProvider.m */; };
		F5BFF7831E29168600D60EC8 /* MeowSpecs.m in Sources */ = {isa = PBXBuildFile; fileRef = F5BFF7821E29168600D60EC8 /* MeowSpecs.m */; };
		F5BFF78B1E2916F300D60EC8 /* MeowActionProviderSpec.mm in Sources */ = {isa = PBXBuildFile; fileRef = F5BFF78A1E2916F300D60EC8 /* MeowActionProviderSpec.mm */; };
		F5BFF78F1E29174900D60EC8 /* TestBlindsideModule.m in Sources */ = {isa = PBXBuildFile; fileRef = F5BFF78E1E29174900D60EC8 /* TestBlindsideModule.m */; };
		F5BFF7911E29206700D60EC8 /* MeowManagerSpec.mm in Sources */ = {isa = PBXBuildFile; fileRef = F5BFF7901E29206700D60EC8 /* MeowManagerSpec.mm */; };
/* End PBXBuildFile section */

/* Begin PBXContainerItemProxy section */
		F5BFF7851E29168600D60EC8 /* PBXContainerItemProxy */ = {
			isa = PBXContainerItemProxy;
			containerPortal = F56577151E26F1AF001DEE77 /* Project object */;
			proxyType = 1;
			remoteGlobalIDString = F565771C1E26F1AF001DEE77;
			remoteInfo = Meow;
		};
/* End PBXContainerItemProxy section */

/* Begin PBXFileReference section */
		09E8795D3CD5CA67D3DBF24B /* Pods-MeowSpecs.release.xcconfig */ = {isa = PBXFileReference; includeInIndex = 1; lastKnownFileType = text.xcconfig; name = "Pods-MeowSpecs.release.xcconfig"; path = "Pods/Target Support Files/Pods-MeowSpecs/Pods-MeowSpecs.release.xcconfig"; sourceTree = "<group>"; };
		0E8EF0971D26936D3CB2EB5C /* libPods-MeowTests.a */ = {isa = PBXFileReference; explicitFileType = archive.ar; includeInIndex = 0; path = "libPods-MeowTests.a"; sourceTree = BUILT_PRODUCTS_DIR; };
		19A947C479A5D03A2D1B5527 /* Pods-Meow.release.xcconfig */ = {isa = PBXFileReference; includeInIndex = 1; lastKnownFileType = text.xcconfig; name = "Pods-Meow.release.xcconfig"; path = "Pods/Target Support Files/Pods-Meow/Pods-Meow.release.xcconfig"; sourceTree = "<group>"; };
		1B821B343D90D9DF3B9B4E58 /* Pods-Specs.debug.xcconfig */ = {isa = PBXFileReference; includeInIndex = 1; lastKnownFileType = text.xcconfig; name = "Pods-Specs.debug.xcconfig"; path = "Pods/Target Support Files/Pods-Specs/Pods-Specs.debug.xcconfig"; sourceTree = "<group>"; };
		20348D7C66DA845293CEA4FD /* Pods-Meow.debug.xcconfig */ = {isa = PBXFileReference; includeInIndex = 1; lastKnownFileType = text.xcconfig; name = "Pods-Meow.debug.xcconfig"; path = "Pods/Target Support Files/Pods-Meow/Pods-Meow.debug.xcconfig"; sourceTree = "<group>"; };
		48E7507EB07C7B1734C7D099 /* libPods-Meow.a */ = {isa = PBXFileReference; explicitFileType = archive.ar; includeInIndex = 0; path = "libPods-Meow.a"; sourceTree = BUILT_PRODUCTS_DIR; };
		8A5F4632425198062E3F2769 /* Pods-MeowSpecs.debug.xcconfig */ = {isa = PBXFileReference; includeInIndex = 1; lastKnownFileType = text.xcconfig; name = "Pods-MeowSpecs.debug.xcconfig"; path = "Pods/Target Support Files/Pods-MeowSpecs/Pods-MeowSpecs.debug.xcconfig"; sourceTree = "<group>"; };
		96423341B3B1C1628FD1B174 /* Pods-MeowCedarTests.release.xcconfig */ = {isa = PBXFileReference; includeInIndex = 1; lastKnownFileType = text.xcconfig; name = "Pods-MeowCedarTests.release.xcconfig"; path = "Pods/Target Support Files/Pods-MeowCedarTests/Pods-MeowCedarTests.release.xcconfig"; sourceTree = "<group>"; };
		AE1FBAF72D1ADDCA867A8E8C /* libPods-Specs.a */ = {isa = PBXFileReference; explicitFileType = archive.ar; includeInIndex = 0; path = "libPods-Specs.a"; sourceTree = BUILT_PRODUCTS_DIR; };
		BBEA3B473BFAC97F97F20BB7 /* Pods-MeowUITests.debug.xcconfig */ = {isa = PBXFileReference; includeInIndex = 1; lastKnownFileType = text.xcconfig; name = "Pods-MeowUITests.debug.xcconfig"; path = "Pods/Target Support Files/Pods-MeowUITests/Pods-MeowUITests.debug.xcconfig"; sourceTree = "<group>"; };
		CE4230D95D3838C211622D4D /* libPods-MeowSpecs.a */ = {isa = PBXFileReference; explicitFileType = archive.ar; includeInIndex = 0; path = "libPods-MeowSpecs.a"; sourceTree = BUILT_PRODUCTS_DIR; };
		D00F02E20D1A2868C304747F /* Pods-MeowCedarTests.debug.xcconfig */ = {isa = PBXFileReference; includeInIndex = 1; lastKnownFileType = text.xcconfig; name = "Pods-MeowCedarTests.debug.xcconfig"; path = "Pods/Target Support Files/Pods-MeowCedarTests/Pods-MeowCedarTests.debug.xcconfig"; sourceTree = "<group>"; };
		D412FDAC38055A22D6B137F3 /* libPods-MeowUITests.a */ = {isa = PBXFileReference; explicitFileType = archive.ar; includeInIndex = 0; path = "libPods-MeowUITests.a"; sourceTree = BUILT_PRODUCTS_DIR; };
		DBCE99FBB9153B457A93170A /* Pods-MeowUITests.release.xcconfig */ = {isa = PBXFileReference; includeInIndex = 1; lastKnownFileType = text.xcconfig; name = "Pods-MeowUITests.release.xcconfig"; path = "Pods/Target Support Files/Pods-MeowUITests/Pods-MeowUITests.release.xcconfig"; sourceTree = "<group>"; };
		DD2A51F24268758A6C5D230B /* libPods-MeowCedarTests.a */ = {isa = PBXFileReference; explicitFileType = archive.ar; includeInIndex = 0; path = "libPods-MeowCedarTests.a"; sourceTree = BUILT_PRODUCTS_DIR; };
		EA5EA8F9AC0876D0C600B879 /* Pods-Specs.release.xcconfig */ = {isa = PBXFileReference; includeInIndex = 1; lastKnownFileType = text.xcconfig; name = "Pods-Specs.release.xcconfig"; path = "Pods/Target Support Files/Pods-Specs/Pods-Specs.release.xcconfig"; sourceTree = "<group>"; };
		F565771D1E26F1AF001DEE77 /* Meow.app */ = {isa = PBXFileReference; explicitFileType = wrapper.application; includeInIndex = 0; path = Meow.app; sourceTree = BUILT_PRODUCTS_DIR; };
		F56577211E26F1AF001DEE77 /* main.m */ = {isa = PBXFileReference; lastKnownFileType = sourcecode.c.objc; path = main.m; sourceTree = "<group>"; };
		F56577231E26F1AF001DEE77 /* AppDelegate.h */ = {isa = PBXFileReference; lastKnownFileType = sourcecode.c.h; path = AppDelegate.h; sourceTree = "<group>"; };
		F56577241E26F1AF001DEE77 /* AppDelegate.m */ = {isa = PBXFileReference; lastKnownFileType = sourcecode.c.objc; path = AppDelegate.m; sourceTree = "<group>"; };
		F56577261E26F1AF001DEE77 /* ViewController.h */ = {isa = PBXFileReference; lastKnownFileType = sourcecode.c.h; path = ViewController.h; sourceTree = "<group>"; };
		F56577271E26F1AF001DEE77 /* ViewController.m */ = {isa = PBXFileReference; lastKnownFileType = sourcecode.c.objc; path = ViewController.m; sourceTree = "<group>"; };
		F565772A1E26F1AF001DEE77 /* Base */ = {isa = PBXFileReference; lastKnownFileType = file.storyboard; name = Base; path = Base.lproj/Main.storyboard; sourceTree = "<group>"; };
		F565772C1E26F1AF001DEE77 /* Assets.xcassets */ = {isa = PBXFileReference; lastKnownFileType = folder.assetcatalog; path = Assets.xcassets; sourceTree = "<group>"; };
		F565772F1E26F1AF001DEE77 /* Base */ = {isa = PBXFileReference; lastKnownFileType = file.storyboard; name = Base; path = Base.lproj/LaunchScreen.storyboard; sourceTree = "<group>"; };
		F56577311E26F1AF001DEE77 /* Info.plist */ = {isa = PBXFileReference; lastKnownFileType = text.plist.xml; path = Info.plist; sourceTree = "<group>"; };
		F56577631E26F5D8001DEE77 /* MeowBlindsideModule.h */ = {isa = PBXFileReference; fileEncoding = 4; lastKnownFileType = sourcecode.c.h; path = MeowBlindsideModule.h; sourceTree = "<group>"; };
		F56577641E26F5D8001DEE77 /* MeowBlindsideModule.m */ = {isa = PBXFileReference; fileEncoding = 4; lastKnownFileType = sourcecode.c.objc; path = MeowBlindsideModule.m; sourceTree = "<group>"; };
		F565776E1E26F688001DEE77 /* MeowModel.h */ = {isa = PBXFileReference; fileEncoding = 4; lastKnownFileType = sourcecode.c.h; path = MeowModel.h; sourceTree = "<group>"; };
		F565776F1E26F688001DEE77 /* MeowModel.m */ = {isa = PBXFileReference; fileEncoding = 4; lastKnownFileType = sourcecode.c.objc; path = MeowModel.m; sourceTree = "<group>"; };
		F56577711E26F69F001DEE77 /* MeowManager.h */ = {isa = PBXFileReference; fileEncoding = 4; lastKnownFileType = sourcecode.c.h; path = MeowManager.h; sourceTree = "<group>"; };
		F56577721E26F69F001DEE77 /* MeowManager.m */ = {isa = PBXFileReference; fileEncoding = 4; lastKnownFileType = sourcecode.c.objc; path = MeowManager.m; sourceTree = "<group>"; };
		F56577781E26F876001DEE77 /* ViewControllerFactory.h */ = {isa = PBXFileReference; fileEncoding = 4; lastKnownFileType = sourcecode.c.h; path = ViewControllerFactory.h; sourceTree = "<group>"; };
		F56577791E26F876001DEE77 /* ViewControllerFactory.m */ = {isa = PBXFileReference; fileEncoding = 4; lastKnownFileType = sourcecode.c.objc; path = ViewControllerFactory.m; sourceTree = "<group>"; };
		F56577971E2753B9001DEE77 /* MeowActionProvider.h */ = {isa = PBXFileReference; fileEncoding = 4; lastKnownFileType = sourcecode.c.h; path = MeowActionProvider.h; sourceTree = "<group>"; };
		F56577981E2753B9001DEE77 /* MeowActionProvider.m */ = {isa = PBXFileReference; fileEncoding = 4; lastKnownFileType = sourcecode.c.objc; path = MeowActionProvider.m; sourceTree = "<group>"; };
		F5BFF7801E29168600D60EC8 /* MeowSpecs.xctest */ = {isa = PBXFileReference; explicitFileType = wrapper.cfbundle; includeInIndex = 0; path = MeowSpecs.xctest; sourceTree = BUILT_PRODUCTS_DIR; };
		F5BFF7821E29168600D60EC8 /* MeowSpecs.m */ = {isa = PBXFileReference; lastKnownFileType = sourcecode.c.objc; path = MeowSpecs.m; sourceTree = "<group>"; };
		F5BFF7841E29168600D60EC8 /* Info.plist */ = {isa = PBXFileReference; lastKnownFileType = text.plist.xml; path = Info.plist; sourceTree = "<group>"; };
		F5BFF78A1E2916F300D60EC8 /* MeowActionProviderSpec.mm */ = {isa = PBXFileReference; fileEncoding = 4; lastKnownFileType = sourcecode.cpp.objcpp; path = MeowActionProviderSpec.mm; sourceTree = "<group>"; };
		F5BFF78D1E29174900D60EC8 /* TestBlindsideModule.h */ = {isa = PBXFileReference; fileEncoding = 4; lastKnownFileType = sourcecode.c.h; path = TestBlindsideModule.h; sourceTree = "<group>"; };
		F5BFF78E1E29174900D60EC8 /* TestBlindsideModule.m */ = {isa = PBXFileReference; fileEncoding = 4; lastKnownFileType = sourcecode.c.objc; path = TestBlindsideModule.m; sourceTree = "<group>"; };
		F5BFF7901E29206700D60EC8 /* MeowManagerSpec.mm */ = {isa = PBXFileReference; fileEncoding = 4; lastKnownFileType = sourcecode.cpp.objcpp; path = MeowManagerSpec.mm; sourceTree = "<group>"; };
/* End PBXFileReference section */

/* Begin PBXFrameworksBuildPhase section */
		F565771A1E26F1AF001DEE77 /* Frameworks */ = {
			isa = PBXFrameworksBuildPhase;
			buildActionMask = 2147483647;
			files = (
				32F0CB7EF7257997DAB4F8F2 /* libPods-Meow.a in Frameworks */,
			);
			runOnlyForDeploymentPostprocessing = 0;
		};
		F5BFF77D1E29168600D60EC8 /* Frameworks */ = {
			isa = PBXFrameworksBuildPhase;
			buildActionMask = 2147483647;
			files = (
				8F1C99B6B637BB9241309247 /* libPods-MeowSpecs.a in Frameworks */,
			);
			runOnlyForDeploymentPostprocessing = 0;
		};
/* End PBXFrameworksBuildPhase section */

/* Begin PBXGroup section */
		4D533C6A3CB9826BB7484256 /* Frameworks */ = {
			isa = PBXGroup;
			children = (
				48E7507EB07C7B1734C7D099 /* libPods-Meow.a */,
				0E8EF0971D26936D3CB2EB5C /* libPods-MeowTests.a */,
				D412FDAC38055A22D6B137F3 /* libPods-MeowUITests.a */,
				DD2A51F24268758A6C5D230B /* libPods-MeowCedarTests.a */,
				AE1FBAF72D1ADDCA867A8E8C /* libPods-Specs.a */,
				CE4230D95D3838C211622D4D /* libPods-MeowSpecs.a */,
			);
			name = Frameworks;
			sourceTree = "<group>";
		};
		615B0F0AE47675EE42AEB1FE /* Pods */ = {
			isa = PBXGroup;
			children = (
				20348D7C66DA845293CEA4FD /* Pods-Meow.debug.xcconfig */,
				19A947C479A5D03A2D1B5527 /* Pods-Meow.release.xcconfig */,
				BBEA3B473BFAC97F97F20BB7 /* Pods-MeowUITests.debug.xcconfig */,
				DBCE99FBB9153B457A93170A /* Pods-MeowUITests.release.xcconfig */,
				D00F02E20D1A2868C304747F /* Pods-MeowCedarTests.debug.xcconfig */,
				96423341B3B1C1628FD1B174 /* Pods-MeowCedarTests.release.xcconfig */,
				1B821B343D90D9DF3B9B4E58 /* Pods-Specs.debug.xcconfig */,
				EA5EA8F9AC0876D0C600B879 /* Pods-Specs.release.xcconfig */,
				8A5F4632425198062E3F2769 /* Pods-MeowSpecs.debug.xcconfig */,
				09E8795D3CD5CA67D3DBF24B /* Pods-MeowSpecs.release.xcconfig */,
			);
			name = Pods;
			sourceTree = "<group>";
		};
		F56577141E26F1AF001DEE77 = {
			isa = PBXGroup;
			children = (
				F565771F1E26F1AF001DEE77 /* Meow */,
				F5BFF7811E29168600D60EC8 /* MeowSpecs */,
				F565771E1E26F1AF001DEE77 /* Products */,
				615B0F0AE47675EE42AEB1FE /* Pods */,
				4D533C6A3CB9826BB7484256 /* Frameworks */,
			);
			sourceTree = "<group>";
		};
		F565771E1E26F1AF001DEE77 /* Products */ = {
			isa = PBXGroup;
			children = (
				F565771D1E26F1AF001DEE77 /* Meow.app */,
				F5BFF7801E29168600D60EC8 /* MeowSpecs.xctest */,
			);
			name = Products;
			sourceTree = "<group>";
		};
		F565771F1E26F1AF001DEE77 /* Meow */ = {
			isa = PBXGroup;
			children = (
				F56577671E26F622001DEE77 /* AppDelegate */,
				F56577661E26F613001DEE77 /* Blindside */,
				F56577771E26F82E001DEE77 /* Factories */,
				F56577621E26F56C001DEE77 /* InterfaceBuilder */,
				F56577761E26F6D0001DEE77 /* Managers */,
				F56577741E26F6B9001DEE77 /* Models */,
				F56577751E26F6CB001DEE77 /* Providers */,
				F56577201E26F1AF001DEE77 /* Supporting Files */,
				F56577961E2752F2001DEE77 /* Utilities */,
				F56577611E26F553001DEE77 /* ViewControllers */,
				F565772C1E26F1AF001DEE77 /* Assets.xcassets */,
				F56577311E26F1AF001DEE77 /* Info.plist */,
			);
			path = Meow;
			sourceTree = "<group>";
		};
		F56577201E26F1AF001DEE77 /* Supporting Files */ = {
			isa = PBXGroup;
			children = (
				F56577211E26F1AF001DEE77 /* main.m */,
			);
			name = "Supporting Files";
			sourceTree = "<group>";
		};
		F56577611E26F553001DEE77 /* ViewControllers */ = {
			isa = PBXGroup;
			children = (
				F56577261E26F1AF001DEE77 /* ViewController.h */,
				F56577271E26F1AF001DEE77 /* ViewController.m */,
			);
			name = ViewControllers;
			sourceTree = "<group>";
		};
		F56577621E26F56C001DEE77 /* InterfaceBuilder */ = {
			isa = PBXGroup;
			children = (
				F56577291E26F1AF001DEE77 /* Main.storyboard */,
				F565772E1E26F1AF001DEE77 /* LaunchScreen.storyboard */,
			);
			name = InterfaceBuilder;
			sourceTree = "<group>";
		};
		F56577661E26F613001DEE77 /* Blindside */ = {
			isa = PBXGroup;
			children = (
				F56577631E26F5D8001DEE77 /* MeowBlindsideModule.h */,
				F56577641E26F5D8001DEE77 /* MeowBlindsideModule.m */,
			);
			name = Blindside;
			sourceTree = "<group>";
		};
		F56577671E26F622001DEE77 /* AppDelegate */ = {
			isa = PBXGroup;
			children = (
				F56577231E26F1AF001DEE77 /* AppDelegate.h */,
				F56577241E26F1AF001DEE77 /* AppDelegate.m */,
			);
			name = AppDelegate;
			sourceTree = "<group>";
		};
		F56577741E26F6B9001DEE77 /* Models */ = {
			isa = PBXGroup;
			children = (
				F565776E1E26F688001DEE77 /* MeowModel.h */,
				F565776F1E26F688001DEE77 /* MeowModel.m */,
			);
			name = Models;
			sourceTree = "<group>";
		};
		F56577751E26F6CB001DEE77 /* Providers */ = {
			isa = PBXGroup;
			children = (
				F56577971E2753B9001DEE77 /* MeowActionProvider.h */,
				F56577981E2753B9001DEE77 /* MeowActionProvider.m */,
			);
			name = Providers;
			sourceTree = "<group>";
		};
		F56577761E26F6D0001DEE77 /* Managers */ = {
			isa = PBXGroup;
			children = (
				F56577711E26F69F001DEE77 /* MeowManager.h */,
				F56577721E26F69F001DEE77 /* MeowManager.m */,
			);
			name = Managers;
			sourceTree = "<group>";
		};
		F56577771E26F82E001DEE77 /* Factories */ = {
			isa = PBXGroup;
			children = (
				F56577781E26F876001DEE77 /* ViewControllerFactory.h */,
				F56577791E26F876001DEE77 /* ViewControllerFactory.m */,
			);
			name = Factories;
			sourceTree = "<group>";
		};
		F56577961E2752F2001DEE77 /* Utilities */ = {
			isa = PBXGroup;
			children = (
			);
			name = Utilities;
			sourceTree = "<group>";
		};
		F5BFF7811E29168600D60EC8 /* MeowSpecs */ = {
			isa = PBXGroup;
			children = (
				F5BFF78C1E29173500D60EC8 /* Blindside */,
				F5BFF7961E29215800D60EC8 /* Managers */,
				F5BFF7971E29217800D60EC8 /* Providers */,
				F5BFF7821E29168600D60EC8 /* MeowSpecs.m */,
				F5BFF7841E29168600D60EC8 /* Info.plist */,
			);
			path = MeowSpecs;
			sourceTree = "<group>";
		};
		F5BFF78C1E29173500D60EC8 /* Blindside */ = {
			isa = PBXGroup;
			children = (
				F5BFF78D1E29174900D60EC8 /* TestBlindsideModule.h */,
				F5BFF78E1E29174900D60EC8 /* TestBlindsideModule.m */,
			);
			name = Blindside;
			sourceTree = "<group>";
		};
		F5BFF7961E29215800D60EC8 /* Managers */ = {
			isa = PBXGroup;
			children = (
				F5BFF7901E29206700D60EC8 /* MeowManagerSpec.mm */,
			);
			name = Managers;
			sourceTree = "<group>";
		};
		F5BFF7971E29217800D60EC8 /* Providers */ = {
			isa = PBXGroup;
			children = (
				F5BFF78A1E2916F300D60EC8 /* MeowActionProviderSpec.mm */,
			);
			name = Providers;
			sourceTree = "<group>";
		};
/* End PBXGroup section */

/* Begin PBXNativeTarget section */
		F565771C1E26F1AF001DEE77 /* Meow */ = {
			isa = PBXNativeTarget;
			buildConfigurationList = F565774A1E26F1AF001DEE77 /* Build configuration list for PBXNativeTarget "Meow" */;
			buildPhases = (
				E746EBC9611D578359D0C374 /* [CP] Check Pods Manifest.lock */,
				F56577191E26F1AF001DEE77 /* Sources */,
				F565771A1E26F1AF001DEE77 /* Frameworks */,
				F565771B1E26F1AF001DEE77 /* Resources */,
				374F143E21C2AE15FB3C78C6 /* [CP] Embed Pods Frameworks */,
				F2C322262DBDBDDD0E760ECD /* [CP] Copy Pods Resources */,
			);
			buildRules = (
			);
			dependencies = (
			);
			name = Meow;
			productName = Meow;
			productReference = F565771D1E26F1AF001DEE77 /* Meow.app */;
			productType = "com.apple.product-type.application";
		};
		F5BFF77F1E29168600D60EC8 /* MeowSpecs */ = {
			isa = PBXNativeTarget;
			buildConfigurationList = F5BFF7871E29168600D60EC8 /* Build configuration list for PBXNativeTarget "MeowSpecs" */;
			buildPhases = (
				196F1555AE7EC3D22A3877AF /* [CP] Check Pods Manifest.lock */,
				F5BFF77C1E29168600D60EC8 /* Sources */,
				F5BFF77D1E29168600D60EC8 /* Frameworks */,
				F5BFF77E1E29168600D60EC8 /* Resources */,
				4BC2CB15DC9C2ACAE56FBD1B /* [CP] Embed Pods Frameworks */,
				A7CAE07814FF967C3C3E3FD2 /* [CP] Copy Pods Resources */,
			);
			buildRules = (
			);
			dependencies = (
				F5BFF7861E29168600D60EC8 /* PBXTargetDependency */,
			);
			name = MeowSpecs;
			productName = MeowSpecs;
			productReference = F5BFF7801E29168600D60EC8 /* MeowSpecs.xctest */;
			productType = "com.apple.product-type.bundle.unit-test";
		};
/* End PBXNativeTarget section */

/* Begin PBXProject section */
		F56577151E26F1AF001DEE77 /* Project object */ = {
			isa = PBXProject;
			attributes = {
				LastUpgradeCheck = 0820;
				ORGANIZATIONNAME = "Desmond Tsang";
				TargetAttributes = {
					F565771C1E26F1AF001DEE77 = {
						CreatedOnToolsVersion = 8.2.1;
						ProvisioningStyle = Automatic;
					};
					F5BFF77F1E29168600D60EC8 = {
						CreatedOnToolsVersion = 8.2.1;
						ProvisioningStyle = Automatic;
						TestTargetID = F565771C1E26F1AF001DEE77;
					};
				};
			};
			buildConfigurationList = F56577181E26F1AF001DEE77 /* Build configuration list for PBXProject "Meow" */;
			compatibilityVersion = "Xcode 3.2";
			developmentRegion = English;
			hasScannedForEncodings = 0;
			knownRegions = (
				en,
				Base,
			);
			mainGroup = F56577141E26F1AF001DEE77;
			productRefGroup = F565771E1E26F1AF001DEE77 /* Products */;
			projectDirPath = "";
			projectRoot = "";
			targets = (
				F565771C1E26F1AF001DEE77 /* Meow */,
				F5BFF77F1E29168600D60EC8 /* MeowSpecs */,
			);
		};
/* End PBXProject section */

/* Begin PBXResourcesBuildPhase section */
		F565771B1E26F1AF001DEE77 /* Resources */ = {
			isa = PBXResourcesBuildPhase;
			buildActionMask = 2147483647;
			files = (
				F56577301E26F1AF001DEE77 /* LaunchScreen.storyboard in Resources */,
				F565772D1E26F1AF001DEE77 /* Assets.xcassets in Resources */,
				F565772B1E26F1AF001DEE77 /* Main.storyboard in Resources */,
			);
			runOnlyForDeploymentPostprocessing = 0;
		};
		F5BFF77E1E29168600D60EC8 /* Resources */ = {
			isa = PBXResourcesBuildPhase;
			buildActionMask = 2147483647;
			files = (
			);
			runOnlyForDeploymentPostprocessing = 0;
		};
/* End PBXResourcesBuildPhase section */

/* Begin PBXShellScriptBuildPhase section */
		196F1555AE7EC3D22A3877AF /* [CP] Check Pods Manifest.lock */ = {
			isa = PBXShellScriptBuildPhase;
			buildActionMask = 2147483647;
			files = (
			);
			inputPaths = (
			);
			name = "[CP] Check Pods Manifest.lock";
			outputPaths = (
			);
			runOnlyForDeploymentPostprocessing = 0;
			shellPath = /bin/sh;
			shellScript = "diff \"${PODS_ROOT}/../Podfile.lock\" \"${PODS_ROOT}/Manifest.lock\" > /dev/null\nif [ $? != 0 ] ; then\n    # print error to STDERR\n    echo \"error: The sandbox is not in sync with the Podfile.lock. Run 'pod install' or update your CocoaPods installation.\" >&2\n    exit 1\nfi\n";
			showEnvVarsInLog = 0;
		};
		374F143E21C2AE15FB3C78C6 /* [CP] Embed Pods Frameworks */ = {
			isa = PBXShellScriptBuildPhase;
			buildActionMask = 2147483647;
			files = (
			);
			inputPaths = (
			);
			name = "[CP] Embed Pods Frameworks";
			outputPaths = (
			);
			runOnlyForDeploymentPostprocessing = 0;
			shellPath = /bin/sh;
			shellScript = "\"${SRCROOT}/Pods/Target Support Files/Pods-Meow/Pods-Meow-frameworks.sh\"\n";
			showEnvVarsInLog = 0;
		};
		4BC2CB15DC9C2ACAE56FBD1B /* [CP] Embed Pods Frameworks */ = {
			isa = PBXShellScriptBuildPhase;
			buildActionMask = 2147483647;
			files = (
			);
			inputPaths = (
			);
			name = "[CP] Embed Pods Frameworks";
			outputPaths = (
			);
			runOnlyForDeploymentPostprocessing = 0;
			shellPath = /bin/sh;
			shellScript = "\"${SRCROOT}/Pods/Target Support Files/Pods-MeowSpecs/Pods-MeowSpecs-frameworks.sh\"\n";
			showEnvVarsInLog = 0;
		};
		A7CAE07814FF967C3C3E3FD2 /* [CP] Copy Pods Resources */ = {
			isa = PBXShellScriptBuildPhase;
			buildActionMask = 2147483647;
			files = (
			);
			inputPaths = (
			);
			name = "[CP] Copy Pods Resources";
			outputPaths = (
			);
			runOnlyForDeploymentPostprocessing = 0;
			shellPath = /bin/sh;
			shellScript = "\"${SRCROOT}/Pods/Target Support Files/Pods-MeowSpecs/Pods-MeowSpecs-resources.sh\"\n";
			showEnvVarsInLog = 0;
		};
		E746EBC9611D578359D0C374 /* [CP] Check Pods Manifest.lock */ = {
			isa = PBXShellScriptBuildPhase;
			buildActionMask = 2147483647;
			files = (
			);
			inputPaths = (
			);
			name = "[CP] Check Pods Manifest.lock";
			outputPaths = (
			);
			runOnlyForDeploymentPostprocessing = 0;
			shellPath = /bin/sh;
			shellScript = "diff \"${PODS_ROOT}/../Podfile.lock\" \"${PODS_ROOT}/Manifest.lock\" > /dev/null\nif [ $? != 0 ] ; then\n    # print error to STDERR\n    echo \"error: The sandbox is not in sync with the Podfile.lock. Run 'pod install' or update your CocoaPods installation.\" >&2\n    exit 1\nfi\n";
			showEnvVarsInLog = 0;
		};
		F2C322262DBDBDDD0E760ECD /* [CP] Copy Pods Resources */ = {
			isa = PBXShellScriptBuildPhase;
			buildActionMask = 2147483647;
			files = (
			);
			inputPaths = (
			);
			name = "[CP] Copy Pods Resources";
			outputPaths = (
			);
			runOnlyForDeploymentPostprocessing = 0;
			shellPath = /bin/sh;
			shellScript = "\"${SRCROOT}/Pods/Target Support Files/Pods-Meow/Pods-Meow-resources.sh\"\n";
			showEnvVarsInLog = 0;
		};
/* End PBXShellScriptBuildPhase section */

/* Begin PBXSourcesBuildPhase section */
		F56577191E26F1AF001DEE77 /* Sources */ = {
			isa = PBXSourcesBuildPhase;
			buildActionMask = 2147483647;
			files = (
				F565777A1E26F876001DEE77 /* ViewControllerFactory.m in Sources */,
				F56577701E26F688001DEE77 /* MeowModel.m in Sources */,
				F56577651E26F5D8001DEE77 /* MeowBlindsideModule.m in Sources */,
				F56577281E26F1AF001DEE77 /* ViewController.m in Sources */,
				F56577991E2753B9001DEE77 /* MeowActionProvider.m in Sources */,
				F56577251E26F1AF001DEE77 /* AppDelegate.m in Sources */,
				F56577221E26F1AF001DEE77 /* main.m in Sources */,
				F56577731E26F69F001DEE77 /* MeowManager.m in Sources */,
			);
			runOnlyForDeploymentPostprocessing = 0;
		};
		F5BFF77C1E29168600D60EC8 /* Sources */ = {
			isa = PBXSourcesBuildPhase;
			buildActionMask = 2147483647;
			files = (
				F5BFF7911E29206700D60EC8 /* MeowManagerSpec.mm in Sources */,
				F5BFF7831E29168600D60EC8 /* MeowSpecs.m in Sources */,
				F5BFF78F1E29174900D60EC8 /* TestBlindsideModule.m in Sources */,
				F5BFF78B1E2916F300D60EC8 /* MeowActionProviderSpec.mm in Sources */,
			);
			runOnlyForDeploymentPostprocessing = 0;
		};
/* End PBXSourcesBuildPhase section */

/* Begin PBXTargetDependency section */
		F5BFF7861E29168600D60EC8 /* PBXTargetDependency */ = {
			isa = PBXTargetDependency;
			target = F565771C1E26F1AF001DEE77 /* Meow */;
			targetProxy = F5BFF7851E29168600D60EC8 /* PBXContainerItemProxy */;
		};
/* End PBXTargetDependency section */

/* Begin PBXVariantGroup section */
		F56577291E26F1AF001DEE77 /* Main.storyboard */ = {
			isa = PBXVariantGroup;
			children = (
				F565772A1E26F1AF001DEE77 /* Base */,
			);
			name = Main.storyboard;
			sourceTree = "<group>";
		};
		F565772E1E26F1AF001DEE77 /* LaunchScreen.storyboard */ = {
			isa = PBXVariantGroup;
			children = (
				F565772F1E26F1AF001DEE77 /* Base */,
			);
			name = LaunchScreen.storyboard;
			sourceTree = "<group>";
		};
/* End PBXVariantGroup section */

/* Begin XCBuildConfiguration section */
		F56577481E26F1AF001DEE77 /* Debug */ = {
			isa = XCBuildConfiguration;
			buildSettings = {
				ALWAYS_SEARCH_USER_PATHS = NO;
				CLANG_ANALYZER_NONNULL = YES;
				CLANG_CXX_LANGUAGE_STANDARD = "gnu++0x";
				CLANG_CXX_LIBRARY = "libc++";
				CLANG_ENABLE_MODULES = YES;
				CLANG_ENABLE_OBJC_ARC = YES;
				CLANG_WARN_BOOL_CONVERSION = YES;
				CLANG_WARN_CONSTANT_CONVERSION = YES;
				CLANG_WARN_DIRECT_OBJC_ISA_USAGE = YES_ERROR;
				CLANG_WARN_DOCUMENTATION_COMMENTS = YES;
				CLANG_WARN_EMPTY_BODY = YES;
				CLANG_WARN_ENUM_CONVERSION = YES;
				CLANG_WARN_INFINITE_RECURSION = YES;
				CLANG_WARN_INT_CONVERSION = YES;
				CLANG_WARN_OBJC_ROOT_CLASS = YES_ERROR;
				CLANG_WARN_SUSPICIOUS_MOVE = YES;
				CLANG_WARN_UNREACHABLE_CODE = YES;
				CLANG_WARN__DUPLICATE_METHOD_MATCH = YES;
				"CODE_SIGN_IDENTITY[sdk=iphoneos*]" = "iPhone Developer";
				COPY_PHASE_STRIP = NO;
				DEBUG_INFORMATION_FORMAT = dwarf;
				ENABLE_STRICT_OBJC_MSGSEND = YES;
				ENABLE_TESTABILITY = YES;
				GCC_C_LANGUAGE_STANDARD = gnu99;
				GCC_DYNAMIC_NO_PIC = NO;
				GCC_NO_COMMON_BLOCKS = YES;
				GCC_OPTIMIZATION_LEVEL = 0;
				GCC_PREPROCESSOR_DEFINITIONS = (
					"DEBUG=1",
					"$(inherited)",
				);
				GCC_WARN_64_TO_32_BIT_CONVERSION = YES;
				GCC_WARN_ABOUT_RETURN_TYPE = YES_ERROR;
				GCC_WARN_UNDECLARED_SELECTOR = YES;
				GCC_WARN_UNINITIALIZED_AUTOS = YES_AGGRESSIVE;
				GCC_WARN_UNUSED_FUNCTION = YES;
				GCC_WARN_UNUSED_VARIABLE = YES;
				IPHONEOS_DEPLOYMENT_TARGET = 10.2;
				MTL_ENABLE_DEBUG_INFO = YES;
				ONLY_ACTIVE_ARCH = YES;
				SDKROOT = iphoneos;
			};
			name = Debug;
		};
		F56577491E26F1AF001DEE77 /* Release */ = {
			isa = XCBuildConfiguration;
			buildSettings = {
				ALWAYS_SEARCH_USER_PATHS = NO;
				CLANG_ANALYZER_NONNULL = YES;
				CLANG_CXX_LANGUAGE_STANDARD = "gnu++0x";
				CLANG_CXX_LIBRARY = "libc++";
				CLANG_ENABLE_MODULES = YES;
				CLANG_ENABLE_OBJC_ARC = YES;
				CLANG_WARN_BOOL_CONVERSION = YES;
				CLANG_WARN_CONSTANT_CONVERSION = YES;
				CLANG_WARN_DIRECT_OBJC_ISA_USAGE = YES_ERROR;
				CLANG_WARN_DOCUMENTATION_COMMENTS = YES;
				CLANG_WARN_EMPTY_BODY = YES;
				CLANG_WARN_ENUM_CONVERSION = YES;
				CLANG_WARN_INFINITE_RECURSION = YES;
				CLANG_WARN_INT_CONVERSION = YES;
				CLANG_WARN_OBJC_ROOT_CLASS = YES_ERROR;
				CLANG_WARN_SUSPICIOUS_MOVE = YES;
				CLANG_WARN_UNREACHABLE_CODE = YES;
				CLANG_WARN__DUPLICATE_METHOD_MATCH = YES;
				"CODE_SIGN_IDENTITY[sdk=iphoneos*]" = "iPhone Developer";
				COPY_PHASE_STRIP = NO;
				DEBUG_INFORMATION_FORMAT = "dwarf-with-dsym";
				ENABLE_NS_ASSERTIONS = NO;
				ENABLE_STRICT_OBJC_MSGSEND = YES;
				GCC_C_LANGUAGE_STANDARD = gnu99;
				GCC_NO_COMMON_BLOCKS = YES;
				GCC_WARN_64_TO_32_BIT_CONVERSION = YES;
				GCC_WARN_ABOUT_RETURN_TYPE = YES_ERROR;
				GCC_WARN_UNDECLARED_SELECTOR = YES;
				GCC_WARN_UNINITIALIZED_AUTOS = YES_AGGRESSIVE;
				GCC_WARN_UNUSED_FUNCTION = YES;
				GCC_WARN_UNUSED_VARIABLE = YES;
				IPHONEOS_DEPLOYMENT_TARGET = 10.2;
				MTL_ENABLE_DEBUG_INFO = NO;
				SDKROOT = iphoneos;
				VALIDATE_PRODUCT = YES;
			};
			name = Release;
		};
		F565774B1E26F1AF001DEE77 /* Debug */ = {
			isa = XCBuildConfiguration;
			baseConfigurationReference = 20348D7C66DA845293CEA4FD /* Pods-Meow.debug.xcconfig */;
			buildSettings = {
				ASSETCATALOG_COMPILER_APPICON_NAME = AppIcon;
				INFOPLIST_FILE = Meow/Info.plist;
				LD_RUNPATH_SEARCH_PATHS = "$(inherited) @executable_path/Frameworks";
				PRODUCT_BUNDLE_IDENTIFIER = Desmond.Meow;
				PRODUCT_NAME = "$(TARGET_NAME)";
			};
			name = Debug;
		};
		F565774C1E26F1AF001DEE77 /* Release */ = {
			isa = XCBuildConfiguration;
			baseConfigurationReference = 19A947C479A5D03A2D1B5527 /* Pods-Meow.release.xcconfig */;
			buildSettings = {
				ASSETCATALOG_COMPILER_APPICON_NAME = AppIcon;
				INFOPLIST_FILE = Meow/Info.plist;
				LD_RUNPATH_SEARCH_PATHS = "$(inherited) @executable_path/Frameworks";
				PRODUCT_BUNDLE_IDENTIFIER = Desmond.Meow;
				PRODUCT_NAME = "$(TARGET_NAME)";
			};
			name = Release;
		};
		F5BFF7881E29168600D60EC8 /* Debug */ = {
			isa = XCBuildConfiguration;
			baseConfigurationReference = 8A5F4632425198062E3F2769 /* Pods-MeowSpecs.debug.xcconfig */;
			buildSettings = {
				BUNDLE_LOADER = "$(TEST_HOST)";
				INFOPLIST_FILE = MeowSpecs/Info.plist;
				LD_RUNPATH_SEARCH_PATHS = "$(inherited) @executable_path/Frameworks @loader_path/Frameworks";
				PRODUCT_BUNDLE_IDENTIFIER = Desmond.Meow.MeowSpecs;
				PRODUCT_NAME = "$(TARGET_NAME)";
				TEST_HOST = "$(BUILT_PRODUCTS_DIR)/Meow.app/Meow";
			};
			name = Debug;
		};
		F5BFF7891E29168600D60EC8 /* Release */ = {
			isa = XCBuildConfiguration;
			baseConfigurationReference = 09E8795D3CD5CA67D3DBF24B /* Pods-MeowSpecs.release.xcconfig */;
			buildSettings = {
				BUNDLE_LOADER = "$(TEST_HOST)";
				INFOPLIST_FILE = MeowSpecs/Info.plist;
				LD_RUNPATH_SEARCH_PATHS = "$(inherited) @executable_path/Frameworks @loader_path/Frameworks";
				PRODUCT_BUNDLE_IDENTIFIER = Desmond.Meow.MeowSpecs;
				PRODUCT_NAME = "$(TARGET_NAME)";
				TEST_HOST = "$(BUILT_PRODUCTS_DIR)/Meow.app/Meow";
			};
			name = Release;
		};
/* End XCBuildConfiguration section */

/* Begin XCConfigurationList section */
		F56577181E26F1AF001DEE77 /* Build configuration list for PBXProject "Meow" */ = {
			isa = XCConfigurationList;
			buildConfigurations = (
				F56577481E26F1AF001DEE77 /* Debug */,
				F56577491E26F1AF001DEE77 /* Release */,
			);
			defaultConfigurationIsVisible = 0;
			defaultConfigurationName = Release;
		};
		F565774A1E26F1AF001DEE77 /* Build configuration list for PBXNativeTarget "Meow" */ = {
			isa = XCConfigurationList;
			buildConfigurations = (
				F565774B1E26F1AF001DEE77 /* Debug */,
				F565774C1E26F1AF001DEE77 /* Release */,
			);
			defaultConfigurationIsVisible = 0;
			defaultConfigurationName = Release;
		};
		F5BFF7871E29168600D60EC8 /* Build configuration list for PBXNativeTarget "MeowSpecs" */ = {
			isa = XCConfigurationList;
			buildConfigurations = (
				F5BFF7881E29168600D60EC8 /* Debug */,
				F5BFF7891E29168600D60EC8 /* Release */,
			);
			defaultConfigurationIsVisible = 0;
			defaultConfigurationName = Release;
		};
/* End XCConfigurationList section */
	};
	rootObject = F56577151E26F1AF001DEE77 /* Project object */;
}
